
Microsoft Visual Studio Solution File, Format Version 12.00
# Visual Studio 15
VisualStudioVersion = 15.0.27130.2026
MinimumVisualStudioVersion = 10.0.40219.1
Project("{FAE04EC0-301F-11D3-BF4B-00C04F79EFBC}") = "CSharp6AndDotNetFramework_02", "CSharp6AndDotNetFramework_02\CSharp6AndDotNetFramework_02.csproj", "{5260E939-A98A-4EDC-99AF-239C7FF85D56}"
EndProject
Global
	GlobalSection(SolutionConfigurationPlatforms) = preSolution
		Debug|Any CPU = Debug|Any CPU
		Release|Any CPU = Release|Any CPU
	EndGlobalSection
	GlobalSection(ProjectConfigurationPlatforms) = postSolution
		{5260E939-A98A-4EDC-99AF-239C7FF85D56}.Debug|Any CPU.ActiveCfg = Debug|Any CPU
		{5260E939-A98A-4EDC-99AF-239C7FF85D56}.Debug|Any CPU.Build.0 = Debug|Any CPU
		{5260E939-A98A-4EDC-99AF-239C7FF85D56}.Release|Any CPU.ActiveCfg = Release|Any CPU
		{5260E939-A98A-4EDC-99AF-239C7FF85D56}.Release|Any CPU.Build.0 = Release|Any CPU
	EndGlobalSection
	GlobalSection(SolutionProperties) = preSolution
		HideSolutionNode = FALSE
	EndGlobalSection
	GlobalSection(ExtensibilityGlobals) = postSolution
		SolutionGuid = {E510ED84-B10F-4C05-A52D-569FD1EA92C4}
	EndGlobalSection
EndGlobal
